{
  "requires": true,
  "lockfileVersion": 1,
  "dependencies": {
    "date-fns-tz": {
      "version": "1.2.2",
      "resolved": "https://registry.npmjs.org/date-fns-tz/-/date-fns-tz-1.2.2.tgz",
      "integrity": "sha512-vWtn44eEqnLbkACb7T5G5gPgKR4nY8NkNMOCyoY49NsRGHrcDmY2aysCyzDeA+u+vcDBn/w6nQqEDyouRs4m8w=="
    }
  }
}
